
Microsoft Visual Studio Solution File, Format Version 12.00
# Visual Studio Version 16
VisualStudioVersion = 16.0.31321.278
MinimumVisualStudioVersion = 10.0.40219.1
Project("{FAE04EC0-301F-11D3-BF4B-00C04F79EFBC}") = "Inheritance_Henderson_Bobby", "Inheritance_Henderson_Bobby.csproj", "{0575DACC-2E60-404A-BA8B-733CF308E25A}"
EndProject
Global
	GlobalSection(SolutionConfigurationPlatforms) = preSolution
		Debug|Any CPU = Debug|Any CPU
		Release|Any CPU = Release|Any CPU
	EndGlobalSection
	GlobalSection(ProjectConfigurationPlatforms) = postSolution
		{0575DACC-2E60-404A-BA8B-733CF308E25A}.Debug|Any CPU.ActiveCfg = Debug|Any CPU
		{0575DACC-2E60-404A-BA8B-733CF308E25A}.Debug|Any CPU.Build.0 = Debug|Any CPU
		{0575DACC-2E60-404A-BA8B-733CF308E25A}.Release|Any CPU.ActiveCfg = Release|Any CPU
		{0575DACC-2E60-404A-BA8B-733CF308E25A}.Release|Any CPU.Build.0 = Release|Any CPU
	EndGlobalSection
	GlobalSection(SolutionProperties) = preSolution
		HideSolutionNode = FALSE
	EndGlobalSection
	GlobalSection(ExtensibilityGlobals) = postSolution
		SolutionGuid = {117CE375-716A-4805-B7C8-5AAF98CC34CA}
	EndGlobalSection
EndGlobal
